
Microsoft Visual Studio Solution File, Format Version 12.00
# Visual Studio Version 17
VisualStudioVersion = 17.6.33829.357
MinimumVisualStudioVersion = 10.0.40219.1
Project("{FAE04EC0-301F-11D3-BF4B-00C04F79EFBC}") = "SmartSchool.API", "SmartSchool.API\SmartSchool.API.csproj", "{90E799E0-CA0F-442A-8442-0CC954094FF4}"
EndProject
Global
	GlobalSection(SolutionConfigurationPlatforms) = preSolution
		Debug|Any CPU = Debug|Any CPU
		Release|Any CPU = Release|Any CPU
	EndGlobalSection
	GlobalSection(ProjectConfigurationPlatforms) = postSolution
		{90E799E0-CA0F-442A-8442-0CC954094FF4}.Debug|Any CPU.ActiveCfg = Debug|Any CPU
		{90E799E0-CA0F-442A-8442-0CC954094FF4}.Debug|Any CPU.Build.0 = Debug|Any CPU
		{90E799E0-CA0F-442A-8442-0CC954094FF4}.Release|Any CPU.ActiveCfg = Release|Any CPU
		{90E799E0-CA0F-442A-8442-0CC954094FF4}.Release|Any CPU.Build.0 = Release|Any CPU
	EndGlobalSection
	GlobalSection(SolutionProperties) = preSolution
		HideSolutionNode = FALSE
	EndGlobalSection
	GlobalSection(ExtensibilityGlobals) = postSolution
		SolutionGuid = {6E29D0A1-7E57-47CA-BCFC-16CA817FE5E7}
	EndGlobalSection
EndGlobal
